{
  "name": "pet-media-manager",
  "version": "1.0.0",
  "lockfileVersion": 3,
  "requires": true,
  "packages": {
    "": {
      "name": "pet-media-manager",
      "version": "1.0.0",
      "license": "MIT",
      "devDependencies": {
        "prettier": "^3.5.3"
      }
    },
    "backend": {
      "version": "1.0.0",
      "extraneous": true,
      "license": "ISC",
      "dependencies": {
        "apollo-server-express": "^3.13.0",
        "bcrypt": "^5.1.1",
        "cors": "^2.8.5",
        "dotenv": "^16.5.0",
        "express": "^4.21.2",
        "graphql-scalars": "^1.24.2",
        "jsonwebtoken": "^9.0.2",
        "mongoose": "^8.13.2",
        "reflect-metadata": "^0.2.2",
        "type-graphql": "^2.0.0-rc.2"
      },
      "devDependencies": {
        "@eslint/js": "^9.24.0",
        "@eslint/json": "^0.11.0",
        "@typegoose/typegoose": "^12.14.0",
        "@types/bcrypt": "^5.0.2",
        "@types/jsonwebtoken": "^9.0.9",
        "@types/node": "20.12.2",
        "eslint": "^9.24.0",
        "globals": "^16.0.0",
        "nodemon": "^3.1.9",
        "rimraf": "^6.0.1",
        "tsx": "^4.19.3",
        "typescript": "^5.8.3",
        "typescript-eslint": "^8.29.1"
      }
    },
    "frontend": {
      "version": "0.1.0",
      "extraneous": true,
      "dependencies": {
        "@ant-design/icons": "^5.3.0",
        "@ant-design/nextjs-registry": "^1.0.2",
        "@apollo/client": "^3.9.0",
        "@types/apollo-upload-client": "^18.0.0",
        "antd": "^5.14.0",
        "apollo-upload-client": "^18.0.1",
        "graphql": "^16.8.1",
        "next": "15.2.4",
        "react": "^18.2.0",
        "react-dom": "^18.2.0",
        "zustand": "^4.5.0"
      },
      "devDependencies": {
        "@types/node": "^20.10.5",
        "@types/react": "^18.2.48",
        "@types/react-dom": "^18.2.18",
        "autoprefixer": "^10.4.17",
        "eslint": "^8.56.0",
        "eslint-config-next": "14.1.0",
        "postcss": "^8.4.33",
        "typescript": "^5.3.3"
      }
    },
    "node_modules/prettier": {
      "version": "3.5.3",
      "resolved": "https://registry.npmjs.org/prettier/-/prettier-3.5.3.tgz",
      "integrity": "sha512-QQtaxnoDJeAkDvDKWCLiwIXkTgRhwYDEQCghU9Z6q03iyek/rxRh/2lC3HB7P8sWT2xC/y5JDctPLBIGzHKbhw==",
      "dev": true,
      "bin": {
        "prettier": "bin/prettier.cjs"
      },
      "engines": {
        "node": ">=14"
      },
      "funding": {
        "url": "https://github.com/prettier/prettier?sponsor=1"
      }
    }
  }
}
